
Microsoft Visual Studio Solution File, Format Version 12.00
# Visual Studio 15
VisualStudioVersion = 15.0.27428.2043
MinimumVisualStudioVersion = 10.0.40219.1
Project("{9A19103F-16F7-4668-BE54-9A1E7A4F7556}") = "Template", "Template\Template.csproj", "{849FF0EA-E628-4F3B-9D2A-18A0FE9DC03A}"
EndProject
Global
	GlobalSection(SolutionConfigurationPlatforms) = preSolution
		Debug|Any CPU = Debug|Any CPU
		Release|Any CPU = Release|Any CPU
	EndGlobalSection
	GlobalSection(ProjectConfigurationPlatforms) = postSolution
		{849FF0EA-E628-4F3B-9D2A-18A0FE9DC03A}.Debug|Any CPU.ActiveCfg = Debug|Any CPU
		{849FF0EA-E628-4F3B-9D2A-18A0FE9DC03A}.Debug|Any CPU.Build.0 = Debug|Any CPU
		{849FF0EA-E628-4F3B-9D2A-18A0FE9DC03A}.Release|Any CPU.ActiveCfg = Release|Any CPU
		{849FF0EA-E628-4F3B-9D2A-18A0FE9DC03A}.Release|Any CPU.Build.0 = Release|Any CPU
	EndGlobalSection
	GlobalSection(SolutionProperties) = preSolution
		HideSolutionNode = FALSE
	EndGlobalSection
	GlobalSection(ExtensibilityGlobals) = postSolution
		SolutionGuid = {BCE5F0A4-98F0-41EF-82BA-50C0D6E8951D}
	EndGlobalSection
EndGlobal
